
Microsoft Visual Studio Solution File, Format Version 12.00
# Visual Studio Version 17
VisualStudioVersion = 17.5.2.0
MinimumVisualStudioVersion = 10.0.40219.1
Project("{FAE04EC0-301F-11D3-BF4B-00C04F79EFBC}") = "NumberToWords.API", "NumberToWords.API\NumberToWords.API.csproj", "{435A0ACB-8862-BADF-AC51-166ACF0828EE}"
EndProject
Project("{FAE04EC0-301F-11D3-BF4B-00C04F79EFBC}") = "NumberToWords.Tests", "NumberToWords.Tests\NumberToWords.Tests.csproj", "{BD2B9A74-CD64-45C3-90F7-042F9B70DBDA}"
EndProject
Global
	GlobalSection(SolutionConfigurationPlatforms) = preSolution
		Debug|Any CPU = Debug|Any CPU
		Debug|x64 = Debug|x64
		Debug|x86 = Debug|x86
		Release|Any CPU = Release|Any CPU
		Release|x64 = Release|x64
		Release|x86 = Release|x86
	EndGlobalSection
	GlobalSection(ProjectConfigurationPlatforms) = postSolution
		{435A0ACB-8862-BADF-AC51-166ACF0828EE}.Debug|Any CPU.ActiveCfg = Debug|Any CPU
		{435A0ACB-8862-BADF-AC51-166ACF0828EE}.Debug|Any CPU.Build.0 = Debug|Any CPU
		{435A0ACB-8862-BADF-AC51-166ACF0828EE}.Debug|x64.ActiveCfg = Debug|Any CPU
		{435A0ACB-8862-BADF-AC51-166ACF0828EE}.Debug|x64.Build.0 = Debug|Any CPU
		{435A0ACB-8862-BADF-AC51-166ACF0828EE}.Debug|x86.ActiveCfg = Debug|Any CPU
		{435A0ACB-8862-BADF-AC51-166ACF0828EE}.Debug|x86.Build.0 = Debug|Any CPU
		{435A0ACB-8862-BADF-AC51-166ACF0828EE}.Release|Any CPU.ActiveCfg = Release|Any CPU
		{435A0ACB-8862-BADF-AC51-166ACF0828EE}.Release|Any CPU.Build.0 = Release|Any CPU
		{435A0ACB-8862-BADF-AC51-166ACF0828EE}.Release|x64.ActiveCfg = Release|Any CPU
		{435A0ACB-8862-BADF-AC51-166ACF0828EE}.Release|x64.Build.0 = Release|Any CPU
		{435A0ACB-8862-BADF-AC51-166ACF0828EE}.Release|x86.ActiveCfg = Release|Any CPU
		{435A0ACB-8862-BADF-AC51-166ACF0828EE}.Release|x86.Build.0 = Release|Any CPU
		{BD2B9A74-CD64-45C3-90F7-042F9B70DBDA}.Debug|Any CPU.ActiveCfg = Debug|Any CPU
		{BD2B9A74-CD64-45C3-90F7-042F9B70DBDA}.Debug|Any CPU.Build.0 = Debug|Any CPU
		{BD2B9A74-CD64-45C3-90F7-042F9B70DBDA}.Debug|x64.ActiveCfg = Debug|Any CPU
		{BD2B9A74-CD64-45C3-90F7-042F9B70DBDA}.Debug|x64.Build.0 = Debug|Any CPU
		{BD2B9A74-CD64-45C3-90F7-042F9B70DBDA}.Debug|x86.ActiveCfg = Debug|Any CPU
		{BD2B9A74-CD64-45C3-90F7-042F9B70DBDA}.Debug|x86.Build.0 = Debug|Any CPU
		{BD2B9A74-CD64-45C3-90F7-042F9B70DBDA}.Release|Any CPU.ActiveCfg = Release|Any CPU
		{BD2B9A74-CD64-45C3-90F7-042F9B70DBDA}.Release|Any CPU.Build.0 = Release|Any CPU
		{BD2B9A74-CD64-45C3-90F7-042F9B70DBDA}.Release|x64.ActiveCfg = Release|Any CPU
		{BD2B9A74-CD64-45C3-90F7-042F9B70DBDA}.Release|x64.Build.0 = Release|Any CPU
		{BD2B9A74-CD64-45C3-90F7-042F9B70DBDA}.Release|x86.ActiveCfg = Release|Any CPU
		{BD2B9A74-CD64-45C3-90F7-042F9B70DBDA}.Release|x86.Build.0 = Release|Any CPU
	EndGlobalSection
	GlobalSection(SolutionProperties) = preSolution
		HideSolutionNode = FALSE
	EndGlobalSection
	GlobalSection(ExtensibilityGlobals) = postSolution
		SolutionGuid = {55EB0D2A-8C64-4ED3-A7F9-20BCA8C5F49C}
	EndGlobalSection
EndGlobal
